
Microsoft Visual Studio Solution File, Format Version 12.00
# Visual Studio Version 16
VisualStudioVersion = 16.0.28729.10
MinimumVisualStudioVersion = 10.0.40219.1
Project("{9A19103F-16F7-4668-BE54-9A1E7A4F7556}") = "GradoService.WebUI", "GradoService.WebUI\GradoService.WebUI.csproj", "{5A3438A5-BD3E-4393-B475-F187DC6C6D5B}"
EndProject
Project("{2150E333-8FDC-42A3-9474-1A3956D46DE8}") = "Src", "Src", "{CF716E72-4894-46A6-A2DE-6978E91B0075}"
EndProject
Project("{2150E333-8FDC-42A3-9474-1A3956D46DE8}") = "Presentation", "Presentation", "{5A3A1A7C-7507-49D5-A5BB-3141DB817DCC}"
EndProject
Project("{2150E333-8FDC-42A3-9474-1A3956D46DE8}") = "Infrastructure", "Infrastructure", "{ADFE145D-1A60-4C03-92F6-AD74ECFD7CB5}"
EndProject
Project("{9A19103F-16F7-4668-BE54-9A1E7A4F7556}") = "GradoService.Persistence", "GradoService.Persistence\GradoService.Persistence.csproj", "{5355FC1A-FB1B-4505-A95B-DC9E4DFD9DAB}"
EndProject
Project("{2150E333-8FDC-42A3-9474-1A3956D46DE8}") = "Core", "Core", "{C9B912C8-9509-49EE-A654-99C34558F863}"
EndProject
Project("{9A19103F-16F7-4668-BE54-9A1E7A4F7556}") = "GradoService.Application", "GradoService.Application\GradoService.Application.csproj", "{6579E264-9133-45F8-9154-20F451F9A4FD}"
EndProject
Project("{9A19103F-16F7-4668-BE54-9A1E7A4F7556}") = "GradoService.Domain", "GradoService.Domain\GradoService.Domain.csproj", "{852EFABF-A55B-44E7-8EFC-37D8510CD5A3}"
EndProject
Project("{9A19103F-16F7-4668-BE54-9A1E7A4F7556}") = "GradoService.Infrastructure", "GradoService.Infrastructure\GradoService.Infrastructure.csproj", "{C70A9866-09FF-4B6F-A964-40D87BDBB006}"
EndProject
Project("{2150E333-8FDC-42A3-9474-1A3956D46DE8}") = "Test", "Test", "{EC74BA8C-95BA-4510-8797-754A42A7C25E}"
EndProject
Project("{FAE04EC0-301F-11D3-BF4B-00C04F79EFBC}") = "GradoService.Persistence.Tests", "GradoService.Persistence.Tests\GradoService.Persistence.Tests.csproj", "{4B6F58FE-1832-4D4F-8AD6-FDCA8C709DD7}"
EndProject
Global
	GlobalSection(SolutionConfigurationPlatforms) = preSolution
		Debug|Any CPU = Debug|Any CPU
		Release|Any CPU = Release|Any CPU
	EndGlobalSection
	GlobalSection(ProjectConfigurationPlatforms) = postSolution
		{5A3438A5-BD3E-4393-B475-F187DC6C6D5B}.Debug|Any CPU.ActiveCfg = Debug|Any CPU
		{5A3438A5-BD3E-4393-B475-F187DC6C6D5B}.Debug|Any CPU.Build.0 = Debug|Any CPU
		{5A3438A5-BD3E-4393-B475-F187DC6C6D5B}.Release|Any CPU.ActiveCfg = Release|Any CPU
		{5A3438A5-BD3E-4393-B475-F187DC6C6D5B}.Release|Any CPU.Build.0 = Release|Any CPU
		{5355FC1A-FB1B-4505-A95B-DC9E4DFD9DAB}.Debug|Any CPU.ActiveCfg = Debug|Any CPU
		{5355FC1A-FB1B-4505-A95B-DC9E4DFD9DAB}.Debug|Any CPU.Build.0 = Debug|Any CPU
		{5355FC1A-FB1B-4505-A95B-DC9E4DFD9DAB}.Release|Any CPU.ActiveCfg = Release|Any CPU
		{5355FC1A-FB1B-4505-A95B-DC9E4DFD9DAB}.Release|Any CPU.Build.0 = Release|Any CPU
		{6579E264-9133-45F8-9154-20F451F9A4FD}.Debug|Any CPU.ActiveCfg = Debug|Any CPU
		{6579E264-9133-45F8-9154-20F451F9A4FD}.Debug|Any CPU.Build.0 = Debug|Any CPU
		{6579E264-9133-45F8-9154-20F451F9A4FD}.Release|Any CPU.ActiveCfg = Release|Any CPU
		{6579E264-9133-45F8-9154-20F451F9A4FD}.Release|Any CPU.Build.0 = Release|Any CPU
		{852EFABF-A55B-44E7-8EFC-37D8510CD5A3}.Debug|Any CPU.ActiveCfg = Debug|Any CPU
		{852EFABF-A55B-44E7-8EFC-37D8510CD5A3}.Debug|Any CPU.Build.0 = Debug|Any CPU
		{852EFABF-A55B-44E7-8EFC-37D8510CD5A3}.Release|Any CPU.ActiveCfg = Release|Any CPU
		{852EFABF-A55B-44E7-8EFC-37D8510CD5A3}.Release|Any CPU.Build.0 = Release|Any CPU
		{C70A9866-09FF-4B6F-A964-40D87BDBB006}.Debug|Any CPU.ActiveCfg = Debug|Any CPU
		{C70A9866-09FF-4B6F-A964-40D87BDBB006}.Debug|Any CPU.Build.0 = Debug|Any CPU
		{C70A9866-09FF-4B6F-A964-40D87BDBB006}.Release|Any CPU.ActiveCfg = Release|Any CPU
		{C70A9866-09FF-4B6F-A964-40D87BDBB006}.Release|Any CPU.Build.0 = Release|Any CPU
		{4B6F58FE-1832-4D4F-8AD6-FDCA8C709DD7}.Debug|Any CPU.ActiveCfg = Debug|Any CPU
		{4B6F58FE-1832-4D4F-8AD6-FDCA8C709DD7}.Debug|Any CPU.Build.0 = Debug|Any CPU
		{4B6F58FE-1832-4D4F-8AD6-FDCA8C709DD7}.Release|Any CPU.ActiveCfg = Release|Any CPU
		{4B6F58FE-1832-4D4F-8AD6-FDCA8C709DD7}.Release|Any CPU.Build.0 = Release|Any CPU
	EndGlobalSection
	GlobalSection(SolutionProperties) = preSolution
		HideSolutionNode = FALSE
	EndGlobalSection
	GlobalSection(NestedProjects) = preSolution
		{5A3438A5-BD3E-4393-B475-F187DC6C6D5B} = {5A3A1A7C-7507-49D5-A5BB-3141DB817DCC}
		{5A3A1A7C-7507-49D5-A5BB-3141DB817DCC} = {CF716E72-4894-46A6-A2DE-6978E91B0075}
		{ADFE145D-1A60-4C03-92F6-AD74ECFD7CB5} = {CF716E72-4894-46A6-A2DE-6978E91B0075}
		{5355FC1A-FB1B-4505-A95B-DC9E4DFD9DAB} = {ADFE145D-1A60-4C03-92F6-AD74ECFD7CB5}
		{C9B912C8-9509-49EE-A654-99C34558F863} = {CF716E72-4894-46A6-A2DE-6978E91B0075}
		{6579E264-9133-45F8-9154-20F451F9A4FD} = {C9B912C8-9509-49EE-A654-99C34558F863}
		{852EFABF-A55B-44E7-8EFC-37D8510CD5A3} = {C9B912C8-9509-49EE-A654-99C34558F863}
		{C70A9866-09FF-4B6F-A964-40D87BDBB006} = {ADFE145D-1A60-4C03-92F6-AD74ECFD7CB5}
		{4B6F58FE-1832-4D4F-8AD6-FDCA8C709DD7} = {EC74BA8C-95BA-4510-8797-754A42A7C25E}
	EndGlobalSection
	GlobalSection(ExtensibilityGlobals) = postSolution
		SolutionGuid = {255817ED-1EC2-4FF9-BD98-8E9E0AFA5BC3}
	EndGlobalSection
EndGlobal
